
Microsoft Visual Studio Solution File, Format Version 12.00
# Visual Studio Version 17
VisualStudioVersion = 17.0.32014.148
MinimumVisualStudioVersion = 10.0.40219.1
Project("{8BC9CEB8-8B4A-11D0-8D11-00A0C91BC942}") = "brainfuck_compiler", "brainfuck_compiler\brainfuck_compiler.vcxproj", "{ED83DED1-997C-4482-B704-EA698797B742}"
EndProject
Global
	GlobalSection(SolutionConfigurationPlatforms) = preSolution
		Debug|x64 = Debug|x64
		Debug|x86 = Debug|x86
		Release|x64 = Release|x64
		Release|x86 = Release|x86
	EndGlobalSection
	GlobalSection(ProjectConfigurationPlatforms) = postSolution
		{ED83DED1-997C-4482-B704-EA698797B742}.Debug|x64.ActiveCfg = Debug|x64
		{ED83DED1-997C-4482-B704-EA698797B742}.Debug|x64.Build.0 = Debug|x64
		{ED83DED1-997C-4482-B704-EA698797B742}.Debug|x86.ActiveCfg = Debug|Win32
		{ED83DED1-997C-4482-B704-EA698797B742}.Debug|x86.Build.0 = Debug|Win32
		{ED83DED1-997C-4482-B704-EA698797B742}.Release|x64.ActiveCfg = Release|x64
		{ED83DED1-997C-4482-B704-EA698797B742}.Release|x64.Build.0 = Release|x64
		{ED83DED1-997C-4482-B704-EA698797B742}.Release|x86.ActiveCfg = Release|Win32
		{ED83DED1-997C-4482-B704-EA698797B742}.Release|x86.Build.0 = Release|Win32
	EndGlobalSection
	GlobalSection(SolutionProperties) = preSolution
		HideSolutionNode = FALSE
	EndGlobalSection
	GlobalSection(ExtensibilityGlobals) = postSolution
		SolutionGuid = {AB2E3C81-EA92-4A4F-AED0-40CDDFED110C}
	EndGlobalSection
EndGlobal
